#MicroXplorer Configuration settings - do not modify
Mcu.Family=STM32F4
ProjectManager.MainLocation=Src
USART2.IPParameters=VirtualMode
RCC.CortexFreq_Value=168000000
ProjectManager.KeepUserCode=true
Mcu.UserName=STM32F407VGTx
SPI1.VirtualType=VM_MASTER
RCC.PLLCLKFreq_Value=168000000
VP_IWDG_VS_IWDG.Mode=IWDG_Activate
RCC.PLLQCLKFreq_Value=84000000
ProjectManager.functionlistsort=1-MX_GPIO_Init-GPIO-false-HAL-true,2-SystemClock_Config-RCC-false-HAL-false,3-MX_ETH_Init-ETH-false-HAL-true,4-MX_IWDG_Init-IWDG-false-HAL-true,5-MX_SPI1_Init-SPI1-false-HAL-true,6-MX_USART2_UART_Init-USART2-false-HAL-true,7-MX_RTC_Init-RTC-false-HAL-true
VP_RTC_VS_RTC_Activate.Mode=RTC_Enabled
RCC.RTCFreq_Value=32000
PC9.Locked=true
PD6.Locked=true
PC5.Mode=RMII
PB11.Signal=ETH_TX_EN
PB13.Signal=ETH_TXD1
PinOutPanel.RotationAngle=0
PE6.GPIO_Label=LED_1
PE5.GPIOParameters=GPIO_Label
RCC.SYSCLKSource=RCC_SYSCLKSOURCE_PLLCLK
ProjectManager.StackSize=0x400
Mcu.IP4=RTC
RCC.FCLKCortexFreq_Value=168000000
Mcu.IP5=SPI1
Mcu.IP2=NVIC
NVIC.SVCall_IRQn=true\:0\:0\:false\:false\:true\:false\:false
Mcu.IP3=RCC
Mcu.IP0=ETH
Mcu.IP1=IWDG
PE4.GPIOParameters=GPIO_Label
Mcu.UserConstants=
Mcu.ThirdPartyNb=0
SPI1.Direction=SPI_DIRECTION_2LINES
RCC.HCLKFreq_Value=168000000
Mcu.IPNb=8
RCC.I2SClocksFreq_Value=192000000
ProjectManager.PreviousToolchain=
RCC.APB2TimFreq_Value=168000000
RCC.VcooutputI2S=192000000
SPI1.CalculateBaudRate=42.0 MBits/s
PA8.GPIOParameters=GPIO_Label
Mcu.Pin6=PC2
Mcu.Pin7=PA1
PE5.Signal=GPIO_Output
Mcu.Pin8=PA2
Mcu.Pin9=PA7
RCC.AHBFreq_Value=168000000
Mcu.Pin0=PE2
Mcu.Pin1=PE3
PD5.Mode=Asynchronous
GPIO.groupedBy=Group By Peripherals
Mcu.Pin2=PE4
Mcu.Pin3=PE5
Mcu.Pin4=PE6
Mcu.Pin5=PC1
ProjectManager.ProjectBuild=false
RCC.HSE_VALUE=25000000
NVIC.UsageFault_IRQn=true\:0\:0\:false\:false\:true\:false\:false
NVIC.DebugMonitor_IRQn=true\:0\:0\:false\:false\:true\:false\:false
PB3.Mode=Full_Duplex_Master
PA8.Locked=true
NVIC.SysTick_IRQn=true\:0\:0\:false\:false\:true\:false\:true
ProjectManager.FirmwarePackage=STM32Cube FW_F4 V1.25.0
MxDb.Version=DB.5.0.60
PB4.Mode=Full_Duplex_Master
ProjectManager.BackupPrevious=false
RCC.VCOInputFreq_Value=2000000
PA14.Mode=Serial_Wire
PB5.Mode=Full_Duplex_Master
File.Version=6
PE4.GPIO_Label=LED_3
PE3.GPIOParameters=GPIO_Label
PE2.Signal=GPIO_Output
PE3.Locked=true
PB7.Signal=GPIO_Output
PA8.Signal=GPIO_Output
NVIC.PendSV_IRQn=true\:0\:0\:false\:false\:true\:false\:false
PE4.Signal=GPIO_Output
PE6.GPIOParameters=GPIO_Label
ProjectManager.HalAssertFull=false
ProjectManager.ProjectName=CubeMX_Config
PB7.GPIO_Label=W25Q64_CS
RCC.MCO2PinFreq_Value=168000000
Mcu.Package=LQFP100
PB12.Mode=RMII
USART2.VirtualMode=VM_ASYNC
ProjectManager.ToolChainLocation=
RCC.LSI_VALUE=32000
VP_SYS_VS_Systick.Signal=SYS_VS_Systick
RCC.APB2CLKDivider=RCC_HCLK_DIV2
RCC.APB1TimFreq_Value=84000000
NVIC.BusFault_IRQn=true\:0\:0\:false\:false\:true\:false\:false
PC5.Signal=ETH_RXD1
PB13.Mode=RMII
PE6.Locked=true
PD6.Signal=USART2_RX
SPI1.BaudRatePrescaler=SPI_BAUDRATEPRESCALER_2
PC2.GPIO_Label=ETH_PHY_RST
PE2.GPIO_Label=LED_5
ProjectManager.CustomerFirmwarePackage=
PC4.Mode=RMII
PB3.Locked=true
PB4.Signal=SPI1_MISO
VP_RTC_VS_RTC_Activate.Signal=RTC_VS_RTC_Activate
ProjectManager.ProjectFileName=CubeMX_Config.ioc
PA7.Mode=RMII
Mcu.PinsNb=28
PC9.GPIO_Label=SDA3
ProjectManager.NoMain=false
SPI1.IPParameters=VirtualType,Mode,Direction,CalculateBaudRate,BaudRatePrescaler
PC2.Signal=GPIO_Output
PC4.Signal=ETH_RXD0
ProjectManager.DefaultFWLocation=true
PD5.Signal=USART2_TX
ProjectManager.DeletePrevious=true
RCC.APB1CLKDivider=RCC_HCLK_DIV4
PD6.Mode=Asynchronous
RCC.FamilyName=M
ETH.IPParameters=MediaInterface
PA13.Signal=SYS_JTMS-SWDIO
PA8.GPIO_Label=SCL3
PB11.Mode=RMII
ProjectManager.TargetToolchain=MDK-ARM V5
PB7.GPIOParameters=GPIO_Label
PE4.Locked=true
PC2.Locked=true
PE2.GPIOParameters=GPIO_Label
RCC.LSE_VALUE=32768
PA1.Signal=ETH_REF_CLK
RCC.VCOI2SOutputFreq_Value=384000000
board=custom
RCC.VCOOutputFreq_Value=336000000
ProjectManager.LastFirmware=true
RCC.APB2Freq_Value=84000000
PA1.Mode=RMII
MxCube.Version=5.6.0
SPI1.Mode=SPI_MODE_MASTER
PC2.GPIOParameters=GPIO_Label
VP_SYS_VS_Systick.Mode=SysTick
RCC.EthernetFreq_Value=168000000
NVIC.NonMaskableInt_IRQn=true\:0\:0\:false\:false\:true\:false\:false
PE5.Locked=true
PE6.Signal=GPIO_Output
PA13.Mode=Serial_Wire
ProjectManager.FreePins=false
RCC.IPParameters=48MHZClocksFreq_Value,AHBFreq_Value,APB1CLKDivider,APB1Freq_Value,APB1TimFreq_Value,APB2CLKDivider,APB2Freq_Value,APB2TimFreq_Value,CortexFreq_Value,EthernetFreq_Value,FCLKCortexFreq_Value,FamilyName,HCLKFreq_Value,HSE_VALUE,HSI_VALUE,I2SClocksFreq_Value,LSE_VALUE,LSI_VALUE,MCO2PinFreq_Value,PLLCLKFreq_Value,PLLM,PLLN,PLLQCLKFreq_Value,RTCFreq_Value,RTCHSEDivFreq_Value,SYSCLKFreq_VALUE,SYSCLKSource,VCOI2SOutputFreq_Value,VCOInputFreq_Value,VCOOutputFreq_Value,VcooutputI2S
PC9.GPIOParameters=GPIO_Label
ProjectManager.AskForMigrate=true
Mcu.Name=STM32F407V(E-G)Tx
Mcu.Pin26=VP_RTC_VS_RTC_Activate
Mcu.Pin27=VP_SYS_VS_Systick
RCC.RTCHSEDivFreq_Value=12500000
Mcu.Pin24=PB7
PA2.Signal=ETH_MDIO
ProjectManager.UnderRoot=false
Mcu.Pin25=VP_IWDG_VS_IWDG
Mcu.IP6=SYS
Mcu.IP7=USART2
ProjectManager.CoupleFile=false
RCC.48MHZClocksFreq_Value=84000000
PB4.Locked=true
PB3.Signal=SPI1_SCK
RCC.SYSCLKFreq_VALUE=168000000
Mcu.Pin22=PB4
PB5.Signal=SPI1_MOSI
ETH.MediaInterface=ETH_MEDIA_INTERFACE_RMII
Mcu.Pin23=PB5
Mcu.Pin20=PD6
Mcu.Pin21=PB3
NVIC.ForceEnableDMAVector=true
KeepUserPlacement=false
NVIC.MemoryManagement_IRQn=true\:0\:0\:false\:false\:true\:false\:false
PE5.GPIO_Label=LED_2
ProjectManager.CompilerOptimize=6
VP_IWDG_VS_IWDG.Signal=IWDG_VS_IWDG
PA14.Signal=SYS_JTCK-SWCLK
ProjectManager.HeapSize=0x200
Mcu.Pin15=PC9
NVIC.HardFault_IRQn=true\:0\:0\:false\:false\:true\:false\:false
Mcu.Pin16=PA8
Mcu.Pin13=PB12
Mcu.Pin14=PB13
Mcu.Pin19=PD5
ProjectManager.ComputerToolchain=false
Mcu.Pin17=PA13
RCC.HSI_VALUE=16000000
Mcu.Pin18=PA14
NVIC.PriorityGroup=NVIC_PRIORITYGROUP_4
Mcu.Pin11=PC5
Mcu.Pin12=PB11
RCC.PLLM=8
RCC.PLLN=168
Mcu.Pin10=PC4
PB7.Locked=true
PE2.Locked=true
PE3.Signal=GPIO_Output
PA2.Mode=RMII
PE3.GPIO_Label=LED_4
PC9.Signal=GPIO_Output
RCC.APB1Freq_Value=42000000
ProjectManager.DeviceId=STM32F407VGTx
PC1.Signal=ETH_MDC
PB12.Signal=ETH_TXD0
ProjectManager.LibraryCopy=1
PC1.Mode=RMII
PA7.Signal=ETH_CRS_DV
